# THIS IS AN AUTOGENERATED FILE. DO NOT EDIT THIS FILE DIRECTLY.
# yarn lockfile v1


webmonkey@^0.1.0:
  version "0.1.0"
  resolved "https://registry.yarnpkg.com/webmonkey/-/webmonkey-0.1.0.tgz#86d4822211097f7b0408799142f13ee884e0d6f9"
  integrity sha512-/x7yfScvWkKKrjvGZ3xBh8IUatpKyzH4LoOBTI+pEG09Aj8dOo6btxD2ltHxcrwRB3aksOwCy1vm+l9jKiqvkg==
